// !$*UTF8*$!
{
	archiveVersion = 1;
	classes = {
	};
	objectVersion = 46;
	objects = {

/* Begin PBXBuildFile section */
		D584821E1EEE03A7007DFD8C /* AppDelegate.swift in Sources */ = {isa = PBXBuildFile; fileRef = D584821D1EEE03A7007DFD8C /* AppDelegate.swift */; };
		D58482201EEE03A7007DFD8C /* ViewController.swift in Sources */ = {isa = PBXBuildFile; fileRef = D584821F1EEE03A7007DFD8C /* ViewController.swift */; };
		D58482231EEE03A7007DFD8C /* Main.storyboard in Resources */ = {isa = PBXBuildFile; fileRef = D58482211EEE03A7007DFD8C /* Main.storyboard */; };
		D58482251EEE03A7007DFD8C /* Assets.xcassets in Resources */ = {isa = PBXBuildFile; fileRef = D58482241EEE03A7007DFD8C /* Assets.xcassets */; };
		D58482281EEE03A7007DFD8C /* LaunchScreen.storyboard in Resources */ = {isa = PBXBuildFile; fileRef = D58482261EEE03A7007DFD8C /* LaunchScreen.storyboard */; };
/* End PBXBuildFile section */

/* Begin PBXFileReference section */
		D584821A1EEE03A7007DFD8C /* FireApp.app */ = {isa = PBXFileReference; explicitFileType = wrapper.application; includeInIndex = 0; path = FireApp.app; sourceTree = BUILT_PRODUCTS_DIR; };
		D584821D1EEE03A7007DFD8C /* AppDelegate.swift */ = {isa = PBXFileReference; lastKnownFileType = sourcecode.swift; path = AppDelegate.swift; sourceTree = "<group>"; };
		D584821F1EEE03A7007DFD8C /* ViewController.swift */ = {isa = PBXFileReference; lastKnownFileType = sourcecode.swift; path = ViewController.swift; sourceTree = "<group>"; };
		D58482221EEE03A7007DFD8C /* Base */ = {isa = PBXFileReference; lastKnownFileType = file.storyboard; name = Base; path = Base.lproj/Main.storyboard; sourceTree = "<group>"; };
		D58482241EEE03A7007DFD8C /* Assets.xcassets */ = {isa = PBXFileReference; lastKnownFileType = folder.assetcatalog; path = Assets.xcassets; sourceTree = "<group>"; };
		D58482271EEE03A7007DFD8C /* Base */ = {isa = PBXFileReference; lastKnownFileType = file.storyboard; name = Base; path = Base.lproj/LaunchScreen.storyboard; sourceTree = "<group>"; };
		D58482291EEE03A7007DFD8C /* Info.plist */ = {isa = PBXFileReference; lastKnownFileType = text.plist.xml; path = Info.plist; sourceTree = "<group>"; };
/* End PBXFileReference section */

/* Begin PBXFrameworksBuildPhase section */
		D58482171EEE03A7007DFD8C /* Frameworks */ = {
			isa = PBXFrameworksBuildPhase;
			buildActionMask = 2147483647;
			files = (
			);
			runOnlyForDeploymentPostprocessing = 0;
		};
/* End PBXFrameworksBuildPhase section */

/* Begin PBXGroup section */
		D58482111EEE03A7007DFD8C = {
			isa = PBXGroup;
			children = (
				D584821C1EEE03A7007DFD8C /* FireApp */,
				D584821B1EEE03A7007DFD8C /* Products */,
			);
			sourceTree = "<group>";
		};
		D584821B1EEE03A7007DFD8C /* Products */ = {
			isa = PBXGroup;
			children = (
				D584821A1EEE03A7007DFD8C /* FireApp.app */,
			);
			name = Products;
			sourceTree = "<group>";
		};
		D584821C1EEE03A7007DFD8C /* FireApp */ = {
			isa = PBXGroup;
			children = (
				D58482321EEE03CE007DFD8C /* Modal */,
				D58482311EEE03C9007DFD8C /* View */,
				D58482301EEE03C3007DFD8C /* Controller */,
				D584822F1EEE03B4007DFD8C /* Supporting Files */,
			);
			path = FireApp;
			sourceTree = "<group>";
		};
		D584822F1EEE03B4007DFD8C /* Supporting Files */ = {
			isa = PBXGroup;
			children = (
				D584821D1EEE03A7007DFD8C /* AppDelegate.swift */,
				D58482241EEE03A7007DFD8C /* Assets.xcassets */,
				D58482261EEE03A7007DFD8C /* LaunchScreen.storyboard */,
				D58482291EEE03A7007DFD8C /* Info.plist */,
			);
			name = "Supporting Files";
			sourceTree = "<group>";
		};
		D58482301EEE03C3007DFD8C /* Controller */ = {
			isa = PBXGroup;
			children = (
				D584821F1EEE03A7007DFD8C /* ViewController.swift */,
			);
			name = Controller;
			sourceTree = "<group>";
		};
		D58482311EEE03C9007DFD8C /* View */ = {
			isa = PBXGroup;
			children = (
				D58482211EEE03A7007DFD8C /* Main.storyboard */,
			);
			name = View;
			sourceTree = "<group>";
		};
		D58482321EEE03CE007DFD8C /* Modal */ = {
			isa = PBXGroup;
			children = (
			);
			name = Modal;
			sourceTree = "<group>";
		};
/* End PBXGroup section */

/* Begin PBXNativeTarget section */
		D58482191EEE03A7007DFD8C /* FireApp */ = {
			isa = PBXNativeTarget;
			buildConfigurationList = D584822C1EEE03A7007DFD8C /* Build configuration list for PBXNativeTarget "FireApp" */;
			buildPhases = (
				D58482161EEE03A7007DFD8C /* Sources */,
				D58482171EEE03A7007DFD8C /* Frameworks */,
				D58482181EEE03A7007DFD8C /* Resources */,
			);
			buildRules = (
			);
			dependencies = (
			);
			name = FireApp;
			productName = FireApp;
			productReference = D584821A1EEE03A7007DFD8C /* FireApp.app */;
			productType = "com.apple.product-type.application";
		};
/* End PBXNativeTarget section */

/* Begin PBXProject section */
		D58482121EEE03A7007DFD8C /* Project object */ = {
			isa = PBXProject;
			attributes = {
				LastSwiftUpdateCheck = 0830;
				LastUpgradeCheck = 0830;
				ORGANIZATIONNAME = "Younoussa Ousmane Abdou";
				TargetAttributes = {
					D58482191EEE03A7007DFD8C = {
						CreatedOnToolsVersion = 8.3.2;
						DevelopmentTeam = 7HAUD8EZY3;
						ProvisioningStyle = Automatic;
					};
				};
			};
			buildConfigurationList = D58482151EEE03A7007DFD8C /* Build configuration list for PBXProject "FireApp" */;
			compatibilityVersion = "Xcode 3.2";
			developmentRegion = English;
			hasScannedForEncodings = 0;
			knownRegions = (
				en,
				Base,
			);
			mainGroup = D58482111EEE03A7007DFD8C;
			productRefGroup = D584821B1EEE03A7007DFD8C /* Products */;
			projectDirPath = "";
			projectRoot = "";
			targets = (
				D58482191EEE03A7007DFD8C /* FireApp */,
			);
		};
/* End PBXProject section */

/* Begin PBXResourcesBuildPhase section */
		D58482181EEE03A7007DFD8C /* Resources */ = {
			isa = PBXResourcesBuildPhase;
			buildActionMask = 2147483647;
			files = (
				D58482281EEE03A7007DFD8C /* LaunchScreen.storyboard in Resources */,
				D58482251EEE03A7007DFD8C /* Assets.xcassets in Resources */,
				D58482231EEE03A7007DFD8C /* Main.storyboard in Resources */,
			);
			runOnlyForDeploymentPostprocessing = 0;
		};
/* End PBXResourcesBuildPhase section */

/* Begin PBXSourcesBuildPhase section */
		D58482161EEE03A7007DFD8C /* Sources */ = {
			isa = PBXSourcesBuildPhase;
			buildActionMask = 2147483647;
			files = (
				D58482201EEE03A7007DFD8C /* ViewController.swift in Sources */,
				D584821E1EEE03A7007DFD8C /* AppDelegate.swift in Sources */,
			);
			runOnlyForDeploymentPostprocessing = 0;
		};
/* End PBXSourcesBuildPhase section */

/* Begin PBXVariantGroup section */
		D58482211EEE03A7007DFD8C /* Main.storyboard */ = {
			isa = PBXVariantGroup;
			children = (
				D58482221EEE03A7007DFD8C /* Base */,
			);
			name = Main.storyboard;
			sourceTree = "<group>";
		};
		D58482261EEE03A7007DFD8C /* LaunchScreen.storyboard */ = {
			isa = PBXVariantGroup;
			children = (
				D58482271EEE03A7007DFD8C /* Base */,
			);
			name = LaunchScreen.storyboard;
			sourceTree = "<group>";
		};
/* End PBXVariantGroup section */

/* Begin XCBuildConfiguration section */
		D584822A1EEE03A7007DFD8C /* Debug */ = {
			isa = XCBuildConfiguration;
			buildSettings = {
				ALWAYS_SEARCH_USER_PATHS = NO;
				CLANG_ANALYZER_NONNULL = YES;
				CLANG_ANALYZER_NUMBER_OBJECT_CONVERSION = YES_AGGRESSIVE;
				CLANG_CXX_LANGUAGE_STANDARD = "gnu++0x";
				CLANG_CXX_LIBRARY = "libc++";
				CLANG_ENABLE_MODULES = YES;
				CLANG_ENABLE_OBJC_ARC = YES;
				CLANG_WARN_BOOL_CONVERSION = YES;
				CLANG_WARN_CONSTANT_CONVERSION = YES;
				CLANG_WARN_DIRECT_OBJC_ISA_USAGE = YES_ERROR;
				CLANG_WARN_DOCUMENTATION_COMMENTS = YES;
				CLANG_WARN_EMPTY_BODY = YES;
				CLANG_WARN_ENUM_CONVERSION = YES;
				CLANG_WARN_INFINITE_RECURSION = YES;
				CLANG_WARN_INT_CONVERSION = YES;
				CLANG_WARN_OBJC_ROOT_CLASS = YES_ERROR;
				CLANG_WARN_SUSPICIOUS_MOVE = YES;
				CLANG_WARN_UNREACHABLE_CODE = YES;
				CLANG_WARN__DUPLICATE_METHOD_MATCH = YES;
				"CODE_SIGN_IDENTITY[sdk=iphoneos*]" = "iPhone Developer";
				COPY_PHASE_STRIP = NO;
				DEBUG_INFORMATION_FORMAT = dwarf;
				ENABLE_STRICT_OBJC_MSGSEND = YES;
				ENABLE_TESTABILITY = YES;
				GCC_C_LANGUAGE_STANDARD = gnu99;
				GCC_DYNAMIC_NO_PIC = NO;
				GCC_NO_COMMON_BLOCKS = YES;
				GCC_OPTIMIZATION_LEVEL = 0;
				GCC_PREPROCESSOR_DEFINITIONS = (
					"DEBUG=1",
					"$(inherited)",
				);
				GCC_WARN_64_TO_32_BIT_CONVERSION = YES;
				GCC_WARN_ABOUT_RETURN_TYPE = YES_ERROR;
				GCC_WARN_UNDECLARED_SELECTOR = YES;
				GCC_WARN_UNINITIALIZED_AUTOS = YES_AGGRESSIVE;
				GCC_WARN_UNUSED_FUNCTION = YES;
				GCC_WARN_UNUSED_VARIABLE = YES;
				IPHONEOS_DEPLOYMENT_TARGET = 10.3;
				MTL_ENABLE_DEBUG_INFO = YES;
				ONLY_ACTIVE_ARCH = YES;
				SDKROOT = iphoneos;
				SWIFT_ACTIVE_COMPILATION_CONDITIONS = DEBUG;
				SWIFT_OPTIMIZATION_LEVEL = "-Onone";
				TARGETED_DEVICE_FAMILY = "1,2";
			};
			name = Debug;
		};
		D584822B1EEE03A7007DFD8C /* Release */ = {
			isa = XCBuildConfiguration;
			buildSettings = {
				ALWAYS_SEARCH_USER_PATHS = NO;
				CLANG_ANALYZER_NONNULL = YES;
				CLANG_ANALYZER_NUMBER_OBJECT_CONVERSION = YES_AGGRESSIVE;
				CLANG_CXX_LANGUAGE_STANDARD = "gnu++0x";
				CLANG_CXX_LIBRARY = "libc++";
				CLANG_ENABLE_MODULES = YES;
				CLANG_ENABLE_OBJC_ARC = YES;
				CLANG_WARN_BOOL_CONVERSION = YES;
				CLANG_WARN_CONSTANT_CONVERSION = YES;
				CLANG_WARN_DIRECT_OBJC_ISA_USAGE = YES_ERROR;
				CLANG_WARN_DOCUMENTATION_COMMENTS = YES;
				CLANG_WARN_EMPTY_BODY = YES;
				CLANG_WARN_ENUM_CONVERSION = YES;
				CLANG_WARN_INFINITE_RECURSION = YES;
				CLANG_WARN_INT_CONVERSION = YES;
				CLANG_WARN_OBJC_ROOT_CLASS = YES_ERROR;
				CLANG_WARN_SUSPICIOUS_MOVE = YES;
				CLANG_WARN_UNREACHABLE_CODE = YES;
				CLANG_WARN__DUPLICATE_METHOD_MATCH = YES;
				"CODE_SIGN_IDENTITY[sdk=iphoneos*]" = "iPhone Developer";
				COPY_PHASE_STRIP = NO;
				DEBUG_INFORMATION_FORMAT = "dwarf-with-dsym";
				ENABLE_NS_ASSERTIONS = NO;
				ENABLE_STRICT_OBJC_MSGSEND = YES;
				GCC_C_LANGUAGE_STANDARD = gnu99;
				GCC_NO_COMMON_BLOCKS = YES;
				GCC_WARN_64_TO_32_BIT_CONVERSION = YES;
				GCC_WARN_ABOUT_RETURN_TYPE = YES_ERROR;
				GCC_WARN_UNDECLARED_SELECTOR = YES;
				GCC_WARN_UNINITIALIZED_AUTOS = YES_AGGRESSIVE;
				GCC_WARN_UNUSED_FUNCTION = YES;
				GCC_WARN_UNUSED_VARIABLE = YES;
				IPHONEOS_DEPLOYMENT_TARGET = 10.3;
				MTL_ENABLE_DEBUG_INFO = NO;
				SDKROOT = iphoneos;
				SWIFT_OPTIMIZATION_LEVEL = "-Owholemodule";
				TARGETED_DEVICE_FAMILY = "1,2";
				VALIDATE_PRODUCT = YES;
			};
			name = Release;
		};
		D584822D1EEE03A7007DFD8C /* Debug */ = {
			isa = XCBuildConfiguration;
			buildSettings = {
				ASSETCATALOG_COMPILER_APPICON_NAME = AppIcon;
				DEVELOPMENT_TEAM = 7HAUD8EZY3;
				INFOPLIST_FILE = FireApp/Info.plist;
				LD_RUNPATH_SEARCH_PATHS = "$(inherited) @executable_path/Frameworks";
				PRODUCT_BUNDLE_IDENTIFIER = com.yuso.FireApp;
				PRODUCT_NAME = "$(TARGET_NAME)";
				SWIFT_VERSION = 3.0;
			};
			name = Debug;
		};
		D584822E1EEE03A7007DFD8C /* Release */ = {
			isa = XCBuildConfiguration;
			buildSettings = {
				ASSETCATALOG_COMPILER_APPICON_NAME = AppIcon;
				DEVELOPMENT_TEAM = 7HAUD8EZY3;
				INFOPLIST_FILE = FireApp/Info.plist;
				LD_RUNPATH_SEARCH_PATHS = "$(inherited) @executable_path/Frameworks";
				PRODUCT_BUNDLE_IDENTIFIER = com.yuso.FireApp;
				PRODUCT_NAME = "$(TARGET_NAME)";
				SWIFT_VERSION = 3.0;
			};
			name = Release;
		};
/* End XCBuildConfiguration section */

/* Begin XCConfigurationList section */
		D58482151EEE03A7007DFD8C /* Build configuration list for PBXProject "FireApp" */ = {
			isa = XCConfigurationList;
			buildConfigurations = (
				D584822A1EEE03A7007DFD8C /* Debug */,
				D584822B1EEE03A7007DFD8C /* Release */,
			);
			defaultConfigurationIsVisible = 0;
			defaultConfigurationName = Release;
		};
		D584822C1EEE03A7007DFD8C /* Build configuration list for PBXNativeTarget "FireApp" */ = {
			isa = XCConfigurationList;
			buildConfigurations = (
				D584822D1EEE03A7007DFD8C /* Debug */,
				D584822E1EEE03A7007DFD8C /* Release */,
			);
			defaultConfigurationIsVisible = 0;
		};
/* End XCConfigurationList section */
	};
	rootObject = D58482121EEE03A7007DFD8C /* Project object */;
}
